
Microsoft Visual Studio Solution File, Format Version 12.00
# Visual Studio Version 16
VisualStudioVersion = 16.0.31019.35
MinimumVisualStudioVersion = 10.0.40219.1
Project("{8BC9CEB8-8B4A-11D0-8D11-00A0C91BC942}") = "RetroKostki", "RetroKostki.vcxproj", "{354093E0-7A07-4B80-B276-E7BB115F8C7F}"
EndProject
Global
	GlobalSection(SolutionConfigurationPlatforms) = preSolution
		Debug|x86 = Debug|x86
		Release|x86 = Release|x86
	EndGlobalSection
	GlobalSection(ProjectConfigurationPlatforms) = postSolution
		{354093E0-7A07-4B80-B276-E7BB115F8C7F}.Debug|x86.ActiveCfg = Debug|Win32
		{354093E0-7A07-4B80-B276-E7BB115F8C7F}.Debug|x86.Build.0 = Debug|Win32
		{354093E0-7A07-4B80-B276-E7BB115F8C7F}.Release|x86.ActiveCfg = Release|Win32
		{354093E0-7A07-4B80-B276-E7BB115F8C7F}.Release|x86.Build.0 = Release|Win32
	EndGlobalSection
	GlobalSection(SolutionProperties) = preSolution
		HideSolutionNode = FALSE
	EndGlobalSection
	GlobalSection(ExtensibilityGlobals) = postSolution
		SolutionGuid = {4C116FF4-A5CE-443A-9BBD-44D82AC55578}
	EndGlobalSection
EndGlobal
